# Tool and component versions for the reproducible local platform baseline.
# Update this file through a reviewed change and rerun the verification workflow.
KIND_VERSION=v0.31.0
KUBERNETES_VERSION=v1.33.7
KUBECTL_LINUX_AMD64_SHA256=471d94e208a89be62eb776700fc8206cbef11116a8de2dc06fc0086b0015375b
KIND_NODE_IMAGE=kindest/node:v1.33.7@sha256:d26ef333bdb2cbe9862a0f7c3803ecc7b4303d8cea8e814b481b09949d353040
HELM_VERSION=v3.21.3
HELM_LINUX_AMD64_SHA256=15e041a93a590dce8100f39385cd98c84a765c9e36aeeb9e2dc6ff9e4769e2e0
KUBE_PROMETHEUS_STACK_VERSION=87.12.2
STRIMZI_OPERATOR_VERSION=1.1.0
KEDA_VERSION=2.20.0
KAFKA_VERSION=4.2.1
GARAGE_VERSION=v2.3.0
MARKET_PIPELINE_IMAGE=local/market-pipeline:slice5
GO_VERSION=1.25.12
PYTHON_IMAGE=python:3.13.14-slim@sha256:6771159cd4fa5d9bba1258caf0b82e6b73458c694d178ad97c5e925c2d0e1a91
DUCKDB_VERSION=1.5.4
PORTFOLIO_ANALYTICS_IMAGE=local/portfolio-analytics:slice3
PORTFOLIO_API_IMAGE=local/portfolio-api:slice3
CLUSTER_NAME=investment-platform
KUBERNETES_CONTEXT=kind-investment-platform
OBSERVABILITY_NAMESPACE=platform-observability
MONITORING_RELEASE=monitoring
STRIMZI_RELEASE=strimzi
KEDA_RELEASE=keda
KEDA_NAMESPACE=keda
DATA_NAMESPACE=analytics-data
APPLICATION_NAMESPACE=analytics-apps
KAFKA_CLUSTER_NAME=market-kafka
PORTFOLIO_ID=demo
