# Jenkins platform and agent toolchain versions.
JENKINS_CHART_VERSION=5.9.45
JENKINS_VERSION=2.568.1
JENKINS_CONTROLLER_IMAGE=jenkins/jenkins:2.568.1-jdk21
JENKINS_AGENT_IMAGE=local/jenkins-presubmit-agent:0.1.0
JENKINS_ARTIFACT_MANAGER_S3_VERSION=973.v6a_51253e896b_
GARAGE_IMAGE=dxflrs/garage:v2.3.0@sha256:866bd13ed2038ba7e7190e840482bc27234c4afaf77be8cfa439ae088c1e4690
SOCAT_IMAGE=alpine/socat:1.8.0.3@sha256:beb4a68d9e4fe6b0f21ea774a0fde6c31f580dde6368939ed70100c5385b015e
DOCKER_DIND_IMAGE=local/jenkins-dind:29.1.5
DOCKER_DIND_AMD64_SOURCE=docker:29.1.5-dind@sha256:0ff14e6a992f2fdb7bef46123cd7fe61a58df0494e8df8bb6f9a5dac7486e1cb
DOCKER_DIND_ARM64_SOURCE=docker:29.1.5-dind@sha256:87ca5378e2aaf821e5c84c6b5420b0bdec3cbeaff9fada3f838d7ddb528ea65e
DOCKER_CLI_AMD64_IMAGE=docker:29.1.5-cli@sha256:05dfa31f4afd64888ef4cc0cbb1ab4d07a4828ef01cd29baa891fecbe50faf49
DOCKER_CLI_ARM64_IMAGE=docker:29.1.5-cli@sha256:16301c9c10717965d70f1651a641dd533a592016a90647ad66969fceda04a907
PYTHON_IMAGE=python:3.13.14-slim@sha256:6771159cd4fa5d9bba1258caf0b82e6b73458c694d178ad97c5e925c2d0e1a91
GO_VERSION=1.25.12
GO_LINUX_AMD64_SHA256=234828b7a89e0e303d2556310ee549fbcf253d28de937bac3da13d6294262ac1
GO_LINUX_ARM64_SHA256=8b5884aef89600aef5b0b051fb971f11f49bb996521e911f30f02a66884f7bd2
KIND_VERSION=v0.31.0
KUBERNETES_VERSION=v1.33.7
JENKINS_KIND_NODE_IMAGE=kindest/node:v1.33.7@sha256:d26ef333bdb2cbe9862a0f7c3803ecc7b4303d8cea8e814b481b09949d353040
KUBECTL_LINUX_AMD64_SHA256=471d94e208a89be62eb776700fc8206cbef11116a8de2dc06fc0086b0015375b
KUBECTL_LINUX_ARM64_SHA256=fa7ee98fdb6fba92ae05b5e0cde0abd5972b2d9a4a084f7052a1fd0dce6bc1de
HELM_VERSION=v3.21.3
HELM_LINUX_AMD64_SHA256=15e041a93a590dce8100f39385cd98c84a765c9e36aeeb9e2dc6ff9e4769e2e0
HELM_LINUX_ARM64_SHA256=67f58155079ff9ffab98ba5c88daff0ed9b542f3a4732f5dd426dde7dd0f5244
OPENTOFU_VERSION=1.12.3
OPENTOFU_LINUX_AMD64_SHA256=46b48c3438c65cf479fc076c9281422ffa2f493548d1e813d154c835c5986a08
OPENTOFU_LINUX_ARM64_SHA256=b2110d1ce46e366ce861b7f53d293dad99080075629aed7fb50d7328916d91c2
ACTIONLINT_VERSION=v1.7.12
JENKINS_CLUSTER_NAME=jenkins-platform
JENKINS_CONTEXT=kind-jenkins-platform
JENKINS_NAMESPACE=jenkins-system
JENKINS_RELEASE=jenkins
